// !$*UTF8*$!
{
	archiveVersion = 1;
	classes = {
	};
	objectVersion = 50;
	objects = {

/* Begin PBXBuildFile section */
		1647D9B320DE8C960075C86C /* AppDelegate.swift in Sources */ = {isa = PBXBuildFile; fileRef = 1647D9B220DE8C960075C86C /* AppDelegate.swift */; };
		1647D9B520DE8C960075C86C /* ViewController.swift in Sources */ = {isa = PBXBuildFile; fileRef = 1647D9B420DE8C960075C86C /* ViewController.swift */; };
		1647D9B820DE8C960075C86C /* Main.storyboard in Resources */ = {isa = PBXBuildFile; fileRef = 1647D9B620DE8C960075C86C /* Main.storyboard */; };
		1647D9BA20DE8C990075C86C /* Assets.xcassets in Resources */ = {isa = PBXBuildFile; fileRef = 1647D9B920DE8C990075C86C /* Assets.xcassets */; };
		1647D9BD20DE8C990075C86C /* LaunchScreen.storyboard in Resources */ = {isa = PBXBuildFile; fileRef = 1647D9BB20DE8C990075C86C /* LaunchScreen.storyboard */; };
		1647D9C620DEB9D00075C86C /* AccidenteIDViewController.swift in Sources */ = {isa = PBXBuildFile; fileRef = 1647D9C520DEB9D00075C86C /* AccidenteIDViewController.swift */; };
		1647D9CB20DED8900075C86C /* EditViewController.swift in Sources */ = {isa = PBXBuildFile; fileRef = 1647D9CA20DED8900075C86C /* EditViewController.swift */; };
		1647D9CD20DEDE820075C86C /* File.swift in Sources */ = {isa = PBXBuildFile; fileRef = 1647D9CC20DEDE820075C86C /* File.swift */; };
		DF37FE1220E6B32B00673C4D /* NearHospitalsViewController.swift in Sources */ = {isa = PBXBuildFile; fileRef = DF37FE1120E6B32B00673C4D /* NearHospitalsViewController.swift */; };
		DF37FE1420E9A7A400673C4D /* CreateHospitalViewController.swift in Sources */ = {isa = PBXBuildFile; fileRef = DF37FE1320E9A7A400673C4D /* CreateHospitalViewController.swift */; };
		DF37FE1620E9BA5000673C4D /* HospitalViewController.swift in Sources */ = {isa = PBXBuildFile; fileRef = DF37FE1520E9BA5000673C4D /* HospitalViewController.swift */; };
		DF37FE1820E9BA8900673C4D /* DeleteHospitalViewController.swift in Sources */ = {isa = PBXBuildFile; fileRef = DF37FE1720E9BA8900673C4D /* DeleteHospitalViewController.swift */; };
/* End PBXBuildFile section */

/* Begin PBXFileReference section */
		1647D9AF20DE8C960075C86C /* Transito.app */ = {isa = PBXFileReference; explicitFileType = wrapper.application; includeInIndex = 0; path = Transito.app; sourceTree = BUILT_PRODUCTS_DIR; };
		1647D9B220DE8C960075C86C /* AppDelegate.swift */ = {isa = PBXFileReference; lastKnownFileType = sourcecode.swift; path = AppDelegate.swift; sourceTree = "<group>"; };
		1647D9B420DE8C960075C86C /* ViewController.swift */ = {isa = PBXFileReference; lastKnownFileType = sourcecode.swift; path = ViewController.swift; sourceTree = "<group>"; };
		1647D9B720DE8C960075C86C /* Base */ = {isa = PBXFileReference; lastKnownFileType = file.storyboard; name = Base; path = Base.lproj/Main.storyboard; sourceTree = "<group>"; };
		1647D9B920DE8C990075C86C /* Assets.xcassets */ = {isa = PBXFileReference; lastKnownFileType = folder.assetcatalog; path = Assets.xcassets; sourceTree = "<group>"; };
		1647D9BC20DE8C990075C86C /* Base */ = {isa = PBXFileReference; lastKnownFileType = file.storyboard; name = Base; path = Base.lproj/LaunchScreen.storyboard; sourceTree = "<group>"; };
		1647D9BE20DE8C990075C86C /* Info.plist */ = {isa = PBXFileReference; lastKnownFileType = text.plist.xml; path = Info.plist; sourceTree = "<group>"; };
		1647D9C520DEB9D00075C86C /* AccidenteIDViewController.swift */ = {isa = PBXFileReference; lastKnownFileType = sourcecode.swift; path = AccidenteIDViewController.swift; sourceTree = "<group>"; };
		1647D9CA20DED8900075C86C /* EditViewController.swift */ = {isa = PBXFileReference; lastKnownFileType = sourcecode.swift; path = EditViewController.swift; sourceTree = "<group>"; };
		1647D9CC20DEDE820075C86C /* File.swift */ = {isa = PBXFileReference; lastKnownFileType = sourcecode.swift; path = File.swift; sourceTree = "<group>"; };
		DF37FE1120E6B32B00673C4D /* NearHospitalsViewController.swift */ = {isa = PBXFileReference; lastKnownFileType = sourcecode.swift; path = NearHospitalsViewController.swift; sourceTree = "<group>"; };
		DF37FE1320E9A7A400673C4D /* CreateHospitalViewController.swift */ = {isa = PBXFileReference; lastKnownFileType = sourcecode.swift; path = CreateHospitalViewController.swift; sourceTree = "<group>"; };
		DF37FE1520E9BA5000673C4D /* HospitalViewController.swift */ = {isa = PBXFileReference; lastKnownFileType = sourcecode.swift; path = HospitalViewController.swift; sourceTree = "<group>"; };
		DF37FE1720E9BA8900673C4D /* DeleteHospitalViewController.swift */ = {isa = PBXFileReference; lastKnownFileType = sourcecode.swift; path = DeleteHospitalViewController.swift; sourceTree = "<group>"; };
/* End PBXFileReference section */

/* Begin PBXFrameworksBuildPhase section */
		1647D9AC20DE8C960075C86C /* Frameworks */ = {
			isa = PBXFrameworksBuildPhase;
			buildActionMask = 2147483647;
			files = (
			);
			runOnlyForDeploymentPostprocessing = 0;
		};
/* End PBXFrameworksBuildPhase section */

/* Begin PBXGroup section */
		1647D9A620DE8C960075C86C = {
			isa = PBXGroup;
			children = (
				1647D9B120DE8C960075C86C /* Transito */,
				1647D9B020DE8C960075C86C /* Products */,
			);
			sourceTree = "<group>";
		};
		1647D9B020DE8C960075C86C /* Products */ = {
			isa = PBXGroup;
			children = (
				1647D9AF20DE8C960075C86C /* Transito.app */,
			);
			name = Products;
			sourceTree = "<group>";
		};
		1647D9B120DE8C960075C86C /* Transito */ = {
			isa = PBXGroup;
			children = (
				1647D9C720DED5400075C86C /* Model */,
				1647D9C420DEB91E0075C86C /* Controllers */,
				1647D9B220DE8C960075C86C /* AppDelegate.swift */,
				1647D9B420DE8C960075C86C /* ViewController.swift */,
				1647D9B620DE8C960075C86C /* Main.storyboard */,
				1647D9B920DE8C990075C86C /* Assets.xcassets */,
				1647D9BB20DE8C990075C86C /* LaunchScreen.storyboard */,
				1647D9BE20DE8C990075C86C /* Info.plist */,
			);
			path = Transito;
			sourceTree = "<group>";
		};
		1647D9C420DEB91E0075C86C /* Controllers */ = {
			isa = PBXGroup;
			children = (
				1647D9C520DEB9D00075C86C /* AccidenteIDViewController.swift */,
				1647D9CA20DED8900075C86C /* EditViewController.swift */,
				DF37FE1120E6B32B00673C4D /* NearHospitalsViewController.swift */,
				DF37FE1320E9A7A400673C4D /* CreateHospitalViewController.swift */,
				DF37FE1520E9BA5000673C4D /* HospitalViewController.swift */,
				DF37FE1720E9BA8900673C4D /* DeleteHospitalViewController.swift */,
			);
			path = Controllers;
			sourceTree = "<group>";
		};
		1647D9C720DED5400075C86C /* Model */ = {
			isa = PBXGroup;
			children = (
				1647D9CC20DEDE820075C86C /* File.swift */,
			);
			path = Model;
			sourceTree = "<group>";
		};
/* End PBXGroup section */

/* Begin PBXNativeTarget section */
		1647D9AE20DE8C960075C86C /* Transito */ = {
			isa = PBXNativeTarget;
			buildConfigurationList = 1647D9C120DE8C990075C86C /* Build configuration list for PBXNativeTarget "Transito" */;
			buildPhases = (
				1647D9AB20DE8C960075C86C /* Sources */,
				1647D9AC20DE8C960075C86C /* Frameworks */,
				1647D9AD20DE8C960075C86C /* Resources */,
			);
			buildRules = (
			);
			dependencies = (
			);
			name = Transito;
			productName = Transito;
			productReference = 1647D9AF20DE8C960075C86C /* Transito.app */;
			productType = "com.apple.product-type.application";
		};
/* End PBXNativeTarget section */

/* Begin PBXProject section */
		1647D9A720DE8C960075C86C /* Project object */ = {
			isa = PBXProject;
			attributes = {
				LastSwiftUpdateCheck = 0930;
				LastUpgradeCheck = 0930;
				ORGANIZATIONNAME = JuanEspinosa;
				TargetAttributes = {
					1647D9AE20DE8C960075C86C = {
						CreatedOnToolsVersion = 9.3;
					};
				};
			};
			buildConfigurationList = 1647D9AA20DE8C960075C86C /* Build configuration list for PBXProject "Transito" */;
			compatibilityVersion = "Xcode 9.3";
			developmentRegion = en;
			hasScannedForEncodings = 0;
			knownRegions = (
				en,
				Base,
			);
			mainGroup = 1647D9A620DE8C960075C86C;
			productRefGroup = 1647D9B020DE8C960075C86C /* Products */;
			projectDirPath = "";
			projectRoot = "";
			targets = (
				1647D9AE20DE8C960075C86C /* Transito */,
			);
		};
/* End PBXProject section */

/* Begin PBXResourcesBuildPhase section */
		1647D9AD20DE8C960075C86C /* Resources */ = {
			isa = PBXResourcesBuildPhase;
			buildActionMask = 2147483647;
			files = (
				1647D9BD20DE8C990075C86C /* LaunchScreen.storyboard in Resources */,
				1647D9BA20DE8C990075C86C /* Assets.xcassets in Resources */,
				1647D9B820DE8C960075C86C /* Main.storyboard in Resources */,
			);
			runOnlyForDeploymentPostprocessing = 0;
		};
/* End PBXResourcesBuildPhase section */

/* Begin PBXSourcesBuildPhase section */
		1647D9AB20DE8C960075C86C /* Sources */ = {
			isa = PBXSourcesBuildPhase;
			buildActionMask = 2147483647;
			files = (
				DF37FE1220E6B32B00673C4D /* NearHospitalsViewController.swift in Sources */,
				1647D9CD20DEDE820075C86C /* File.swift in Sources */,
				DF37FE1620E9BA5000673C4D /* HospitalViewController.swift in Sources */,
				1647D9CB20DED8900075C86C /* EditViewController.swift in Sources */,
				DF37FE1820E9BA8900673C4D /* DeleteHospitalViewController.swift in Sources */,
				DF37FE1420E9A7A400673C4D /* CreateHospitalViewController.swift in Sources */,
				1647D9C620DEB9D00075C86C /* AccidenteIDViewController.swift in Sources */,
				1647D9B520DE8C960075C86C /* ViewController.swift in Sources */,
				1647D9B320DE8C960075C86C /* AppDelegate.swift in Sources */,
			);
			runOnlyForDeploymentPostprocessing = 0;
		};
/* End PBXSourcesBuildPhase section */

/* Begin PBXVariantGroup section */
		1647D9B620DE8C960075C86C /* Main.storyboard */ = {
			isa = PBXVariantGroup;
			children = (
				1647D9B720DE8C960075C86C /* Base */,
			);
			name = Main.storyboard;
			sourceTree = "<group>";
		};
		1647D9BB20DE8C990075C86C /* LaunchScreen.storyboard */ = {
			isa = PBXVariantGroup;
			children = (
				1647D9BC20DE8C990075C86C /* Base */,
			);
			name = LaunchScreen.storyboard;
			sourceTree = "<group>";
		};
/* End PBXVariantGroup section */

/* Begin XCBuildConfiguration section */
		1647D9BF20DE8C990075C86C /* Debug */ = {
			isa = XCBuildConfiguration;
			buildSettings = {
				ALWAYS_SEARCH_USER_PATHS = NO;
				CLANG_ANALYZER_NONNULL = YES;
				CLANG_ANALYZER_NUMBER_OBJECT_CONVERSION = YES_AGGRESSIVE;
				CLANG_CXX_LANGUAGE_STANDARD = "gnu++14";
				CLANG_CXX_LIBRARY = "libc++";
				CLANG_ENABLE_MODULES = YES;
				CLANG_ENABLE_OBJC_ARC = YES;
				CLANG_ENABLE_OBJC_WEAK = YES;
				CLANG_WARN_BLOCK_CAPTURE_AUTORELEASING = YES;
				CLANG_WARN_BOOL_CONVERSION = YES;
				CLANG_WARN_COMMA = YES;
				CLANG_WARN_CONSTANT_CONVERSION = YES;
				CLANG_WARN_DEPRECATED_OBJC_IMPLEMENTATIONS = YES;
				CLANG_WARN_DIRECT_OBJC_ISA_USAGE = YES_ERROR;
				CLANG_WARN_DOCUMENTATION_COMMENTS = YES;
				CLANG_WARN_EMPTY_BODY = YES;
				CLANG_WARN_ENUM_CONVERSION = YES;
				CLANG_WARN_INFINITE_RECURSION = YES;
				CLANG_WARN_INT_CONVERSION = YES;
				CLANG_WARN_NON_LITERAL_NULL_CONVERSION = YES;
				CLANG_WARN_OBJC_IMPLICIT_RETAIN_SELF = YES;
				CLANG_WARN_OBJC_LITERAL_CONVERSION = YES;
				CLANG_WARN_OBJC_ROOT_CLASS = YES_ERROR;
				CLANG_WARN_RANGE_LOOP_ANALYSIS = YES;
				CLANG_WARN_STRICT_PROTOTYPES = YES;
				CLANG_WARN_SUSPICIOUS_MOVE = YES;
				CLANG_WARN_UNGUARDED_AVAILABILITY = YES_AGGRESSIVE;
				CLANG_WARN_UNREACHABLE_CODE = YES;
				CLANG_WARN__DUPLICATE_METHOD_MATCH = YES;
				CODE_SIGN_IDENTITY = "iPhone Developer";
				COPY_PHASE_STRIP = NO;
				DEBUG_INFORMATION_FORMAT = dwarf;
				ENABLE_STRICT_OBJC_MSGSEND = YES;
				ENABLE_TESTABILITY = YES;
				GCC_C_LANGUAGE_STANDARD = gnu11;
				GCC_DYNAMIC_NO_PIC = NO;
				GCC_NO_COMMON_BLOCKS = YES;
				GCC_OPTIMIZATION_LEVEL = 0;
				GCC_PREPROCESSOR_DEFINITIONS = (
					"DEBUG=1",
					"$(inherited)",
				);
				GCC_WARN_64_TO_32_BIT_CONVERSION = YES;
				GCC_WARN_ABOUT_RETURN_TYPE = YES_ERROR;
				GCC_WARN_UNDECLARED_SELECTOR = YES;
				GCC_WARN_UNINITIALIZED_AUTOS = YES_AGGRESSIVE;
				GCC_WARN_UNUSED_FUNCTION = YES;
				GCC_WARN_UNUSED_VARIABLE = YES;
				IPHONEOS_DEPLOYMENT_TARGET = 11.3;
				MTL_ENABLE_DEBUG_INFO = YES;
				ONLY_ACTIVE_ARCH = YES;
				SDKROOT = iphoneos;
				SWIFT_ACTIVE_COMPILATION_CONDITIONS = DEBUG;
				SWIFT_OPTIMIZATION_LEVEL = "-Onone";
			};
			name = Debug;
		};
		1647D9C020DE8C990075C86C /* Release */ = {
			isa = XCBuildConfiguration;
			buildSettings = {
				ALWAYS_SEARCH_USER_PATHS = NO;
				CLANG_ANALYZER_NONNULL = YES;
				CLANG_ANALYZER_NUMBER_OBJECT_CONVERSION = YES_AGGRESSIVE;
				CLANG_CXX_LANGUAGE_STANDARD = "gnu++14";
				CLANG_CXX_LIBRARY = "libc++";
				CLANG_ENABLE_MODULES = YES;
				CLANG_ENABLE_OBJC_ARC = YES;
				CLANG_ENABLE_OBJC_WEAK = YES;
				CLANG_WARN_BLOCK_CAPTURE_AUTORELEASING = YES;
				CLANG_WARN_BOOL_CONVERSION = YES;
				CLANG_WARN_COMMA = YES;
				CLANG_WARN_CONSTANT_CONVERSION = YES;
				CLANG_WARN_DEPRECATED_OBJC_IMPLEMENTATIONS = YES;
				CLANG_WARN_DIRECT_OBJC_ISA_USAGE = YES_ERROR;
				CLANG_WARN_DOCUMENTATION_COMMENTS = YES;
				CLANG_WARN_EMPTY_BODY = YES;
				CLANG_WARN_ENUM_CONVERSION = YES;
				CLANG_WARN_INFINITE_RECURSION = YES;
				CLANG_WARN_INT_CONVERSION = YES;
				CLANG_WARN_NON_LITERAL_NULL_CONVERSION = YES;
				CLANG_WARN_OBJC_IMPLICIT_RETAIN_SELF = YES;
				CLANG_WARN_OBJC_LITERAL_CONVERSION = YES;
				CLANG_WARN_OBJC_ROOT_CLASS = YES_ERROR;
				CLANG_WARN_RANGE_LOOP_ANALYSIS = YES;
				CLANG_WARN_STRICT_PROTOTYPES = YES;
				CLANG_WARN_SUSPICIOUS_MOVE = YES;
				CLANG_WARN_UNGUARDED_AVAILABILITY = YES_AGGRESSIVE;
				CLANG_WARN_UNREACHABLE_CODE = YES;
				CLANG_WARN__DUPLICATE_METHOD_MATCH = YES;
				CODE_SIGN_IDENTITY = "iPhone Developer";
				COPY_PHASE_STRIP = NO;
				DEBUG_INFORMATION_FORMAT = "dwarf-with-dsym";
				ENABLE_NS_ASSERTIONS = NO;
				ENABLE_STRICT_OBJC_MSGSEND = YES;
				GCC_C_LANGUAGE_STANDARD = gnu11;
				GCC_NO_COMMON_BLOCKS = YES;
				GCC_WARN_64_TO_32_BIT_CONVERSION = YES;
				GCC_WARN_ABOUT_RETURN_TYPE = YES_ERROR;
				GCC_WARN_UNDECLARED_SELECTOR = YES;
				GCC_WARN_UNINITIALIZED_AUTOS = YES_AGGRESSIVE;
				GCC_WARN_UNUSED_FUNCTION = YES;
				GCC_WARN_UNUSED_VARIABLE = YES;
				IPHONEOS_DEPLOYMENT_TARGET = 11.3;
				MTL_ENABLE_DEBUG_INFO = NO;
				SDKROOT = iphoneos;
				SWIFT_COMPILATION_MODE = wholemodule;
				SWIFT_OPTIMIZATION_LEVEL = "-O";
				VALIDATE_PRODUCT = YES;
			};
			name = Release;
		};
		1647D9C220DE8C990075C86C /* Debug */ = {
			isa = XCBuildConfiguration;
			buildSettings = {
				ASSETCATALOG_COMPILER_APPICON_NAME = AppIcon;
				CODE_SIGN_STYLE = Automatic;
				DEVELOPMENT_TEAM = MYJ495L7ZR;
				INFOPLIST_FILE = Transito/Info.plist;
				LD_RUNPATH_SEARCH_PATHS = (
					"$(inherited)",
					"@executable_path/Frameworks",
				);
				PRODUCT_BUNDLE_IDENTIFIER = com.juanespinosa.demo.Transito;
				PRODUCT_NAME = "$(TARGET_NAME)";
				SWIFT_VERSION = 4.0;
				TARGETED_DEVICE_FAMILY = "1,2";
			};
			name = Debug;
		};
		1647D9C320DE8C990075C86C /* Release */ = {
			isa = XCBuildConfiguration;
			buildSettings = {
				ASSETCATALOG_COMPILER_APPICON_NAME = AppIcon;
				CODE_SIGN_STYLE = Automatic;
				DEVELOPMENT_TEAM = MYJ495L7ZR;
				INFOPLIST_FILE = Transito/Info.plist;
				LD_RUNPATH_SEARCH_PATHS = (
					"$(inherited)",
					"@executable_path/Frameworks",
				);
				PRODUCT_BUNDLE_IDENTIFIER = com.juanespinosa.demo.Transito;
				PRODUCT_NAME = "$(TARGET_NAME)";
				SWIFT_VERSION = 4.0;
				TARGETED_DEVICE_FAMILY = "1,2";
			};
			name = Release;
		};
/* End XCBuildConfiguration section */

/* Begin XCConfigurationList section */
		1647D9AA20DE8C960075C86C /* Build configuration list for PBXProject "Transito" */ = {
			isa = XCConfigurationList;
			buildConfigurations = (
				1647D9BF20DE8C990075C86C /* Debug */,
				1647D9C020DE8C990075C86C /* Release */,
			);
			defaultConfigurationIsVisible = 0;
			defaultConfigurationName = Release;
		};
		1647D9C120DE8C990075C86C /* Build configuration list for PBXNativeTarget "Transito" */ = {
			isa = XCConfigurationList;
			buildConfigurations = (
				1647D9C220DE8C990075C86C /* Debug */,
				1647D9C320DE8C990075C86C /* Release */,
			);
			defaultConfigurationIsVisible = 0;
			defaultConfigurationName = Release;
		};
/* End XCConfigurationList section */
	};
	rootObject = 1647D9A720DE8C960075C86C /* Project object */;
}
